
Microsoft Visual Studio Solution File, Format Version 12.00
# Visual Studio Version 17
VisualStudioVersion = 17.4.33205.214
MinimumVisualStudioVersion = 10.0.40219.1
Project("{888888A0-9F3D-457C-B088-3A5042F75D52}") = "FlaskWebProject1", "FlaskWebProject1\FlaskWebProject1.pyproj", "{3D9F6859-0C64-4D85-BC12-B2FCFDA1A379}"
EndProject
Global
	GlobalSection(SolutionConfigurationPlatforms) = preSolution
		Debug|Any CPU = Debug|Any CPU
		Release|Any CPU = Release|Any CPU
	EndGlobalSection
	GlobalSection(ProjectConfigurationPlatforms) = postSolution
		{3D9F6859-0C64-4D85-BC12-B2FCFDA1A379}.Debug|Any CPU.ActiveCfg = Debug|Any CPU
		{3D9F6859-0C64-4D85-BC12-B2FCFDA1A379}.Debug|Any CPU.Build.0 = Debug|Any CPU
		{3D9F6859-0C64-4D85-BC12-B2FCFDA1A379}.Release|Any CPU.ActiveCfg = Release|Any CPU
		{3D9F6859-0C64-4D85-BC12-B2FCFDA1A379}.Release|Any CPU.Build.0 = Release|Any CPU
	EndGlobalSection
	GlobalSection(SolutionProperties) = preSolution
		HideSolutionNode = FALSE
	EndGlobalSection
	GlobalSection(ExtensibilityGlobals) = postSolution
		SolutionGuid = {D1CDE6C9-D0CC-411F-BB35-1732443980D3}
	EndGlobalSection
EndGlobal
